
Microsoft Visual Studio Solution File, Format Version 12.00
# Visual Studio Version 17
VisualStudioVersion = 17.13.35825.156 d17.13
MinimumVisualStudioVersion = 10.0.40219.1
Project("{FAE04EC0-301F-11D3-BF4B-00C04F79EFBC}") = "TurkAk", "TurkAk\TurkAk.csproj", "{B9CB681B-D27C-438F-8469-D74AF52DF605}"
EndProject
Global
	GlobalSection(SolutionConfigurationPlatforms) = preSolution
		Debug|Any CPU = Debug|Any CPU
		Release|Any CPU = Release|Any CPU
	EndGlobalSection
	GlobalSection(ProjectConfigurationPlatforms) = postSolution
		{B9CB681B-D27C-438F-8469-D74AF52DF605}.Debug|Any CPU.ActiveCfg = Debug|Any CPU
		{B9CB681B-D27C-438F-8469-D74AF52DF605}.Debug|Any CPU.Build.0 = Debug|Any CPU
		{B9CB681B-D27C-438F-8469-D74AF52DF605}.Release|Any CPU.ActiveCfg = Release|Any CPU
		{B9CB681B-D27C-438F-8469-D74AF52DF605}.Release|Any CPU.Build.0 = Release|Any CPU
	EndGlobalSection
	GlobalSection(SolutionProperties) = preSolution
		HideSolutionNode = FALSE
	EndGlobalSection
	GlobalSection(ExtensibilityGlobals) = postSolution
		SolutionGuid = {BC9DF8D1-2D4A-44D7-B35C-9CB9D07529EF}
	EndGlobalSection
EndGlobal
